
Microsoft Visual Studio Solution File, Format Version 12.00
# Visual Studio Version 17
VisualStudioVersion = 17.10.35013.160
MinimumVisualStudioVersion = 10.0.40219.1
Project("{FAE04EC0-301F-11D3-BF4B-00C04F79EFBC}") = "FinalMuzeyyen", "FinalMuzeyyen\FinalMuzeyyen.csproj", "{70895896-23C1-4436-9E8A-C5F93E40915B}"
EndProject
Global
	GlobalSection(SolutionConfigurationPlatforms) = preSolution
		Debug|Any CPU = Debug|Any CPU
		Release|Any CPU = Release|Any CPU
	EndGlobalSection
	GlobalSection(ProjectConfigurationPlatforms) = postSolution
		{70895896-23C1-4436-9E8A-C5F93E40915B}.Debug|Any CPU.ActiveCfg = Debug|Any CPU
		{70895896-23C1-4436-9E8A-C5F93E40915B}.Debug|Any CPU.Build.0 = Debug|Any CPU
		{70895896-23C1-4436-9E8A-C5F93E40915B}.Release|Any CPU.ActiveCfg = Release|Any CPU
		{70895896-23C1-4436-9E8A-C5F93E40915B}.Release|Any CPU.Build.0 = Release|Any CPU
	EndGlobalSection
	GlobalSection(SolutionProperties) = preSolution
		HideSolutionNode = FALSE
	EndGlobalSection
	GlobalSection(ExtensibilityGlobals) = postSolution
		SolutionGuid = {C37750C4-209D-437A-8111-7EEBE0CF9F7C}
	EndGlobalSection
EndGlobal
